
Microsoft Visual Studio Solution File, Format Version 12.00
# Visual Studio Version 17
VisualStudioVersion = 17.14.35906.104 d17.14
MinimumVisualStudioVersion = 10.0.40219.1
Project("{FAE04EC0-301F-11D3-BF4B-00C04F79EFBC}") = "Application", "Application\Application.csproj", "{CAB7504C-BDAE-4B77-9131-9BBB95551601}"
EndProject
Project("{FAE04EC0-301F-11D3-BF4B-00C04F79EFBC}") = "Domain", "Domain\Domain.csproj", "{34A85C96-E24A-43CE-A42B-619DC3609785}"
EndProject
Project("{FAE04EC0-301F-11D3-BF4B-00C04F79EFBC}") = "Infrastructure", "Infrastructure\Infrastructure.csproj", "{6DEE600F-6DD6-4E64-8500-C138E8D52EBF}"
EndProject
Project("{FAE04EC0-301F-11D3-BF4B-00C04F79EFBC}") = "WebAPI", "WebAPI\WebAPI.csproj", "{7223D03D-D311-49F9-B9D5-B21889994673}"
EndProject
Global
	GlobalSection(SolutionConfigurationPlatforms) = preSolution
		Debug|Any CPU = Debug|Any CPU
		Release|Any CPU = Release|Any CPU
	EndGlobalSection
	GlobalSection(ProjectConfigurationPlatforms) = postSolution
		{CAB7504C-BDAE-4B77-9131-9BBB95551601}.Debug|Any CPU.ActiveCfg = Debug|Any CPU
		{CAB7504C-BDAE-4B77-9131-9BBB95551601}.Debug|Any CPU.Build.0 = Debug|Any CPU
		{CAB7504C-BDAE-4B77-9131-9BBB95551601}.Release|Any CPU.ActiveCfg = Release|Any CPU
		{CAB7504C-BDAE-4B77-9131-9BBB95551601}.Release|Any CPU.Build.0 = Release|Any CPU
		{34A85C96-E24A-43CE-A42B-619DC3609785}.Debug|Any CPU.ActiveCfg = Debug|Any CPU
		{34A85C96-E24A-43CE-A42B-619DC3609785}.Debug|Any CPU.Build.0 = Debug|Any CPU
		{34A85C96-E24A-43CE-A42B-619DC3609785}.Release|Any CPU.ActiveCfg = Release|Any CPU
		{34A85C96-E24A-43CE-A42B-619DC3609785}.Release|Any CPU.Build.0 = Release|Any CPU
		{6DEE600F-6DD6-4E64-8500-C138E8D52EBF}.Debug|Any CPU.ActiveCfg = Debug|Any CPU
		{6DEE600F-6DD6-4E64-8500-C138E8D52EBF}.Debug|Any CPU.Build.0 = Debug|Any CPU
		{6DEE600F-6DD6-4E64-8500-C138E8D52EBF}.Release|Any CPU.ActiveCfg = Release|Any CPU
		{6DEE600F-6DD6-4E64-8500-C138E8D52EBF}.Release|Any CPU.Build.0 = Release|Any CPU
		{7223D03D-D311-49F9-B9D5-B21889994673}.Debug|Any CPU.ActiveCfg = Debug|Any CPU
		{7223D03D-D311-49F9-B9D5-B21889994673}.Debug|Any CPU.Build.0 = Debug|Any CPU
		{7223D03D-D311-49F9-B9D5-B21889994673}.Release|Any CPU.ActiveCfg = Release|Any CPU
		{7223D03D-D311-49F9-B9D5-B21889994673}.Release|Any CPU.Build.0 = Release|Any CPU
	EndGlobalSection
	GlobalSection(SolutionProperties) = preSolution
		HideSolutionNode = FALSE
	EndGlobalSection
	GlobalSection(ExtensibilityGlobals) = postSolution
		SolutionGuid = {F5168164-32EB-4262-BD02-08AC14824B15}
	EndGlobalSection
EndGlobal
